
Microsoft Visual Studio Solution File, Format Version 11.00
# Visual Studio 2010
Project("{FAE04EC0-301F-11D3-BF4B-00C04F79EFBC}") = "Archiver", "Archiver\Archiver.csproj", "{6C133800-08FF-4634-8847-7A3483C7C048}"
EndProject
Project("{FAE04EC0-301F-11D3-BF4B-00C04F79EFBC}") = "PatchLib", "PatchLib\PatchLib.csproj", "{E24A0395-B54E-4944-92D1-ADD70F9E5ADB}"
EndProject
Global
	GlobalSection(SolutionConfigurationPlatforms) = preSolution
		Debug|x86 = Debug|x86
		Release|x86 = Release|x86
	EndGlobalSection
	GlobalSection(ProjectConfigurationPlatforms) = postSolution
		{6C133800-08FF-4634-8847-7A3483C7C048}.Debug|x86.ActiveCfg = Debug|x86
		{6C133800-08FF-4634-8847-7A3483C7C048}.Debug|x86.Build.0 = Debug|x86
		{6C133800-08FF-4634-8847-7A3483C7C048}.Release|x86.ActiveCfg = Release|x86
		{6C133800-08FF-4634-8847-7A3483C7C048}.Release|x86.Build.0 = Release|x86
		{E24A0395-B54E-4944-92D1-ADD70F9E5ADB}.Debug|x86.ActiveCfg = Debug|x86
		{E24A0395-B54E-4944-92D1-ADD70F9E5ADB}.Debug|x86.Build.0 = Debug|x86
		{E24A0395-B54E-4944-92D1-ADD70F9E5ADB}.Release|x86.ActiveCfg = Release|x86
		{E24A0395-B54E-4944-92D1-ADD70F9E5ADB}.Release|x86.Build.0 = Release|x86
	EndGlobalSection
	GlobalSection(SolutionProperties) = preSolution
		HideSolutionNode = FALSE
	EndGlobalSection
EndGlobal
